
Microsoft Visual Studio Solution File, Format Version 12.00
# Visual Studio Version 17
VisualStudioVersion = 17.10.35027.167
MinimumVisualStudioVersion = 10.0.40219.1
Project("{FAE04EC0-301F-11D3-BF4B-00C04F79EFBC}") = "interfaces", "interfaces.csproj", "{A81DD607-117B-4196-AEA2-995145F49812}"
EndProject
Global
	GlobalSection(SolutionConfigurationPlatforms) = preSolution
		Debug|Any CPU = Debug|Any CPU
		Release|Any CPU = Release|Any CPU
	EndGlobalSection
	GlobalSection(ProjectConfigurationPlatforms) = postSolution
		{A81DD607-117B-4196-AEA2-995145F49812}.Debug|Any CPU.ActiveCfg = Debug|Any CPU
		{A81DD607-117B-4196-AEA2-995145F49812}.Debug|Any CPU.Build.0 = Debug|Any CPU
		{A81DD607-117B-4196-AEA2-995145F49812}.Release|Any CPU.ActiveCfg = Release|Any CPU
		{A81DD607-117B-4196-AEA2-995145F49812}.Release|Any CPU.Build.0 = Release|Any CPU
	EndGlobalSection
	GlobalSection(SolutionProperties) = preSolution
		HideSolutionNode = FALSE
	EndGlobalSection
	GlobalSection(ExtensibilityGlobals) = postSolution
		SolutionGuid = {6EE7D7CC-4908-4352-85B1-CF7C708260D0}
	EndGlobalSection
EndGlobal
